
Microsoft Visual Studio Solution File, Format Version 12.00
# Visual Studio 2013
VisualStudioVersion = 12.0.31101.0
MinimumVisualStudioVersion = 10.0.40219.1
Project("{2150E333-8FDC-42A3-9474-1A3956D46DE8}") = "src", "src", "{208FE7C0-3E74-4DDF-92C7-D70E90A3AF7A}"
EndProject
Project("{FAE04EC0-301F-11D3-BF4B-00C04F79EFBC}") = "Intel.Haruhichan.ApiClient", "src\Intel.Haruhichan.ApiClient\Intel.Haruhichan.ApiClient.csproj", "{58B2473F-CE22-42CE-B9F8-7FA802872616}"
EndProject
Project("{FAE04EC0-301F-11D3-BF4B-00C04F79EFBC}") = "Intel.Haruhichan.ApiClient.Tests", "src\Intel.Haruhichan.ApiClient.Tests\Intel.Haruhichan.ApiClient.Tests.csproj", "{06473E43-1135-4FCE-9891-7BE1125B0879}"
EndProject
Project("{FAE04EC0-301F-11D3-BF4B-00C04F79EFBC}") = "AnimeXdcc.Client.Console", "src\AnimeXdcc.Client.Console\AnimeXdcc.Client.Console.csproj", "{55661347-4B15-4732-9E46-7733EF372561}"
EndProject
Project("{FAE04EC0-301F-11D3-BF4B-00C04F79EFBC}") = "Integration.IrcClient", "src\Integration.IrcClient\Integration.IrcClient.csproj", "{F9A25B0D-FF7A-44FA-A139-BD05E0502F8E}"
EndProject
Project("{FAE04EC0-301F-11D3-BF4B-00C04F79EFBC}") = "AnimeXdcc.Core.Tests", "src\AnimeXdcc.Core.Tests\AnimeXdcc.Core.Tests.csproj", "{50214FA2-CD23-4304-B77C-900C745F8AFA}"
EndProject
Project("{FAE04EC0-301F-11D3-BF4B-00C04F79EFBC}") = "AnimeXdcc.Core", "src\AnimeXdcc.Core\AnimeXdcc.Core.csproj", "{7CC688AD-0200-485D-9909-6974B64E1746}"
EndProject
Project("{FAE04EC0-301F-11D3-BF4B-00C04F79EFBC}") = "AnimeXdcc.Client", "src\AnimeXdcc.Client\AnimeXdcc.Client.csproj", "{FE398CF6-8A55-4466-90B2-ABEA013E543D}"
EndProject
Global
	GlobalSection(SolutionConfigurationPlatforms) = preSolution
		Debug|Any CPU = Debug|Any CPU
		Release|Any CPU = Release|Any CPU
	EndGlobalSection
	GlobalSection(ProjectConfigurationPlatforms) = postSolution
		{58B2473F-CE22-42CE-B9F8-7FA802872616}.Debug|Any CPU.ActiveCfg = Debug|Any CPU
		{58B2473F-CE22-42CE-B9F8-7FA802872616}.Debug|Any CPU.Build.0 = Debug|Any CPU
		{58B2473F-CE22-42CE-B9F8-7FA802872616}.Release|Any CPU.ActiveCfg = Release|Any CPU
		{58B2473F-CE22-42CE-B9F8-7FA802872616}.Release|Any CPU.Build.0 = Release|Any CPU
		{06473E43-1135-4FCE-9891-7BE1125B0879}.Debug|Any CPU.ActiveCfg = Debug|Any CPU
		{06473E43-1135-4FCE-9891-7BE1125B0879}.Debug|Any CPU.Build.0 = Debug|Any CPU
		{06473E43-1135-4FCE-9891-7BE1125B0879}.Release|Any CPU.ActiveCfg = Release|Any CPU
		{06473E43-1135-4FCE-9891-7BE1125B0879}.Release|Any CPU.Build.0 = Release|Any CPU
		{55661347-4B15-4732-9E46-7733EF372561}.Debug|Any CPU.ActiveCfg = Debug|Any CPU
		{55661347-4B15-4732-9E46-7733EF372561}.Debug|Any CPU.Build.0 = Debug|Any CPU
		{55661347-4B15-4732-9E46-7733EF372561}.Release|Any CPU.ActiveCfg = Release|Any CPU
		{55661347-4B15-4732-9E46-7733EF372561}.Release|Any CPU.Build.0 = Release|Any CPU
		{F9A25B0D-FF7A-44FA-A139-BD05E0502F8E}.Debug|Any CPU.ActiveCfg = Debug|Any CPU
		{F9A25B0D-FF7A-44FA-A139-BD05E0502F8E}.Debug|Any CPU.Build.0 = Debug|Any CPU
		{F9A25B0D-FF7A-44FA-A139-BD05E0502F8E}.Release|Any CPU.ActiveCfg = Release|Any CPU
		{F9A25B0D-FF7A-44FA-A139-BD05E0502F8E}.Release|Any CPU.Build.0 = Release|Any CPU
		{50214FA2-CD23-4304-B77C-900C745F8AFA}.Debug|Any CPU.ActiveCfg = Debug|Any CPU
		{50214FA2-CD23-4304-B77C-900C745F8AFA}.Debug|Any CPU.Build.0 = Debug|Any CPU
		{50214FA2-CD23-4304-B77C-900C745F8AFA}.Release|Any CPU.ActiveCfg = Release|Any CPU
		{50214FA2-CD23-4304-B77C-900C745F8AFA}.Release|Any CPU.Build.0 = Release|Any CPU
		{7CC688AD-0200-485D-9909-6974B64E1746}.Debug|Any CPU.ActiveCfg = Debug|Any CPU
		{7CC688AD-0200-485D-9909-6974B64E1746}.Debug|Any CPU.Build.0 = Debug|Any CPU
		{7CC688AD-0200-485D-9909-6974B64E1746}.Release|Any CPU.ActiveCfg = Release|Any CPU
		{7CC688AD-0200-485D-9909-6974B64E1746}.Release|Any CPU.Build.0 = Release|Any CPU
		{FE398CF6-8A55-4466-90B2-ABEA013E543D}.Debug|Any CPU.ActiveCfg = Debug|Any CPU
		{FE398CF6-8A55-4466-90B2-ABEA013E543D}.Debug|Any CPU.Build.0 = Debug|Any CPU
		{FE398CF6-8A55-4466-90B2-ABEA013E543D}.Release|Any CPU.ActiveCfg = Release|Any CPU
		{FE398CF6-8A55-4466-90B2-ABEA013E543D}.Release|Any CPU.Build.0 = Release|Any CPU
	EndGlobalSection
	GlobalSection(SolutionProperties) = preSolution
		HideSolutionNode = FALSE
	EndGlobalSection
	GlobalSection(NestedProjects) = preSolution
		{58B2473F-CE22-42CE-B9F8-7FA802872616} = {208FE7C0-3E74-4DDF-92C7-D70E90A3AF7A}
		{06473E43-1135-4FCE-9891-7BE1125B0879} = {208FE7C0-3E74-4DDF-92C7-D70E90A3AF7A}
		{55661347-4B15-4732-9E46-7733EF372561} = {208FE7C0-3E74-4DDF-92C7-D70E90A3AF7A}
		{F9A25B0D-FF7A-44FA-A139-BD05E0502F8E} = {208FE7C0-3E74-4DDF-92C7-D70E90A3AF7A}
		{50214FA2-CD23-4304-B77C-900C745F8AFA} = {208FE7C0-3E74-4DDF-92C7-D70E90A3AF7A}
		{7CC688AD-0200-485D-9909-6974B64E1746} = {208FE7C0-3E74-4DDF-92C7-D70E90A3AF7A}
		{FE398CF6-8A55-4466-90B2-ABEA013E543D} = {208FE7C0-3E74-4DDF-92C7-D70E90A3AF7A}
	EndGlobalSection
EndGlobal
