
Microsoft Visual Studio Solution File, Format Version 12.00
# Visual Studio 2013
VisualStudioVersion = 12.0.31101.0
MinimumVisualStudioVersion = 10.0.40219.1
Project("{2150E333-8FDC-42A3-9474-1A3956D46DE8}") = "src", "src", "{208FE7C0-3E74-4DDF-92C7-D70E90A3AF7A}"
EndProject
Project("{FAE04EC0-301F-11D3-BF4B-00C04F79EFBC}") = "Intel.Haruhichan.Characterization.Tests", "src\Intel.Haruhichan.Characterization.Tests\Intel.Haruhichan.Characterization.Tests.csproj", "{5BE473AC-E70D-40A6-BB8C-20089D309267}"
EndProject
Global
	GlobalSection(SolutionConfigurationPlatforms) = preSolution
		Debug|Any CPU = Debug|Any CPU
		Release|Any CPU = Release|Any CPU
	EndGlobalSection
	GlobalSection(ProjectConfigurationPlatforms) = postSolution
		{5BE473AC-E70D-40A6-BB8C-20089D309267}.Debug|Any CPU.ActiveCfg = Debug|Any CPU
		{5BE473AC-E70D-40A6-BB8C-20089D309267}.Debug|Any CPU.Build.0 = Debug|Any CPU
		{5BE473AC-E70D-40A6-BB8C-20089D309267}.Release|Any CPU.ActiveCfg = Release|Any CPU
		{5BE473AC-E70D-40A6-BB8C-20089D309267}.Release|Any CPU.Build.0 = Release|Any CPU
	EndGlobalSection
	GlobalSection(SolutionProperties) = preSolution
		HideSolutionNode = FALSE
	EndGlobalSection
	GlobalSection(NestedProjects) = preSolution
		{5BE473AC-E70D-40A6-BB8C-20089D309267} = {208FE7C0-3E74-4DDF-92C7-D70E90A3AF7A}
	EndGlobalSection
EndGlobal
